
Microsoft Visual Studio Solution File, Format Version 12.00
# Visual Studio Version 17
VisualStudioVersion = 17.11.35222.181
MinimumVisualStudioVersion = 10.0.40219.1
Project("{FAE04EC0-301F-11D3-BF4B-00C04F79EFBC}") = "PracticeWeb", "PracticeWeb\PracticeWeb.csproj", "{470490C1-5970-4228-9537-8C52AB5E158E}"
EndProject
Global
	GlobalSection(SolutionConfigurationPlatforms) = preSolution
		Debug|Any CPU = Debug|Any CPU
		Release|Any CPU = Release|Any CPU
	EndGlobalSection
	GlobalSection(ProjectConfigurationPlatforms) = postSolution
		{470490C1-5970-4228-9537-8C52AB5E158E}.Debug|Any CPU.ActiveCfg = Debug|Any CPU
		{470490C1-5970-4228-9537-8C52AB5E158E}.Debug|Any CPU.Build.0 = Debug|Any CPU
		{470490C1-5970-4228-9537-8C52AB5E158E}.Release|Any CPU.ActiveCfg = Release|Any CPU
		{470490C1-5970-4228-9537-8C52AB5E158E}.Release|Any CPU.Build.0 = Release|Any CPU
	EndGlobalSection
	GlobalSection(SolutionProperties) = preSolution
		HideSolutionNode = FALSE
	EndGlobalSection
	GlobalSection(ExtensibilityGlobals) = postSolution
		SolutionGuid = {C76C27C0-850D-48BA-9B49-CBB008997B32}
	EndGlobalSection
EndGlobal
